
Microsoft Visual Studio Solution File, Format Version 12.00
# Visual Studio Version 17
VisualStudioVersion = 17.11.35327.3
MinimumVisualStudioVersion = 10.0.40219.1
Project("{9A19103F-16F7-4668-BE54-9A1E7A4F7556}") = "TelegramBot", "TelegramBot\TelegramBot.csproj", "{39678893-2D2B-4F41-8176-FE68A0C099F0}"
EndProject
Project("{FAE04EC0-301F-11D3-BF4B-00C04F79EFBC}") = "ChatBotBll", "BLL\ChatBotBll.csproj", "{B24AB2F2-9E72-425F-98FE-3C8000C4BB66}"
EndProject
Project("{FAE04EC0-301F-11D3-BF4B-00C04F79EFBC}") = "ChatBotDal", "ChatBotDal\ChatBotDal.csproj", "{635D381A-5DEE-4504-88C3-27DC501272CE}"
EndProject
Global
	GlobalSection(SolutionConfigurationPlatforms) = preSolution
		Debug|Any CPU = Debug|Any CPU
		Release|Any CPU = Release|Any CPU
	EndGlobalSection
	GlobalSection(ProjectConfigurationPlatforms) = postSolution
		{39678893-2D2B-4F41-8176-FE68A0C099F0}.Debug|Any CPU.ActiveCfg = Debug|Any CPU
		{39678893-2D2B-4F41-8176-FE68A0C099F0}.Debug|Any CPU.Build.0 = Debug|Any CPU
		{39678893-2D2B-4F41-8176-FE68A0C099F0}.Release|Any CPU.ActiveCfg = Release|Any CPU
		{39678893-2D2B-4F41-8176-FE68A0C099F0}.Release|Any CPU.Build.0 = Release|Any CPU
		{B24AB2F2-9E72-425F-98FE-3C8000C4BB66}.Debug|Any CPU.ActiveCfg = Debug|Any CPU
		{B24AB2F2-9E72-425F-98FE-3C8000C4BB66}.Debug|Any CPU.Build.0 = Debug|Any CPU
		{B24AB2F2-9E72-425F-98FE-3C8000C4BB66}.Release|Any CPU.ActiveCfg = Release|Any CPU
		{B24AB2F2-9E72-425F-98FE-3C8000C4BB66}.Release|Any CPU.Build.0 = Release|Any CPU
		{635D381A-5DEE-4504-88C3-27DC501272CE}.Debug|Any CPU.ActiveCfg = Debug|Any CPU
		{635D381A-5DEE-4504-88C3-27DC501272CE}.Debug|Any CPU.Build.0 = Debug|Any CPU
		{635D381A-5DEE-4504-88C3-27DC501272CE}.Release|Any CPU.ActiveCfg = Release|Any CPU
		{635D381A-5DEE-4504-88C3-27DC501272CE}.Release|Any CPU.Build.0 = Release|Any CPU
	EndGlobalSection
	GlobalSection(SolutionProperties) = preSolution
		HideSolutionNode = FALSE
	EndGlobalSection
	GlobalSection(ExtensibilityGlobals) = postSolution
		SolutionGuid = {D8D6DBD0-4164-4A8E-97CB-EBD990F72ACC}
	EndGlobalSection
EndGlobal
